Microsoft Visual Studio Solution File, Format Version 12.00
# Visual Studio Version 17
VisualStudioVersion = 17.5.2.0
MinimumVisualStudioVersion = 10.0.40219.1
Project("{FAE04EC0-301F-11D3-BF4B-00C04F79EFBC}") = "PDOff", "PDOff\PDOff.csproj", "{3F69832D-D3E8-F0FD-9C98-48353460AC14}"
EndProject
Project("{FAE04EC0-301F-11D3-BF4B-00C04F79EFBC}") = "PDOff.Tests", "PDOff.Tests\PDOff.Tests.csproj", "{BE6DC20E-54D4-4C01-BEC5-535309681622}"
EndProject
Global
	GlobalSection(SolutionConfigurationPlatforms) = preSolution
		Debug|Any CPU = Debug|Any CPU
		Release|Any CPU = Release|Any CPU
	EndGlobalSection
	GlobalSection(ProjectConfigurationPlatforms) = postSolution
		{3F69832D-D3E8-F0FD-9C98-48353460AC14}.Debug|Any CPU.ActiveCfg = Debug|Any CPU
		{3F69832D-D3E8-F0FD-9C98-48353460AC14}.Debug|Any CPU.Build.0 = Debug|Any CPU
		{3F69832D-D3E8-F0FD-9C98-48353460AC14}.Release|Any CPU.ActiveCfg = Release|Any CPU
		{3F69832D-D3E8-F0FD-9C98-48353460AC14}.Release|Any CPU.Build.0 = Release|Any CPU
		{BE6DC20E-54D4-4C01-BEC5-535309681622}.Debug|Any CPU.ActiveCfg = Debug|Any CPU
		{BE6DC20E-54D4-4C01-BEC5-535309681622}.Debug|Any CPU.Build.0 = Debug|Any CPU
		{BE6DC20E-54D4-4C01-BEC5-535309681622}.Release|Any CPU.ActiveCfg = Release|Any CPU
		{BE6DC20E-54D4-4C01-BEC5-535309681622}.Release|Any CPU.Build.0 = Release|Any CPU
	EndGlobalSection
	GlobalSection(SolutionProperties) = preSolution
		HideSolutionNode = FALSE
	EndGlobalSection
	GlobalSection(ExtensibilityGlobals) = postSolution
		SolutionGuid = {AEEC6E1D-F8FC-486F-B044-45EAB7673893}
	EndGlobalSection
EndGlobal
